
Microsoft Visual Studio Solution File, Format Version 12.00
# Visual Studio Version 16
VisualStudioVersion = 16.0.29215.179
MinimumVisualStudioVersion = 10.0.40219.1
Project("{FAE04EC0-301F-11D3-BF4B-00C04F79EFBC}") = "DbGeneric", "DbGeneric\DbGeneric.csproj", "{4FE38AEC-0D41-4D3F-88A8-4B8014968FF2}"
EndProject
Project("{FAE04EC0-301F-11D3-BF4B-00C04F79EFBC}") = "ExecuteGenericDb", "ExecuteGenericDb\ExecuteGenericDb.csproj", "{8A23B468-11CD-4F52-8764-C5403950E871}"
EndProject
Global
	GlobalSection(SolutionConfigurationPlatforms) = preSolution
		Debug|Any CPU = Debug|Any CPU
		Release|Any CPU = Release|Any CPU
	EndGlobalSection
	GlobalSection(ProjectConfigurationPlatforms) = postSolution
		{4FE38AEC-0D41-4D3F-88A8-4B8014968FF2}.Debug|Any CPU.ActiveCfg = Debug|Any CPU
		{4FE38AEC-0D41-4D3F-88A8-4B8014968FF2}.Debug|Any CPU.Build.0 = Debug|Any CPU
		{4FE38AEC-0D41-4D3F-88A8-4B8014968FF2}.Release|Any CPU.ActiveCfg = Release|Any CPU
		{4FE38AEC-0D41-4D3F-88A8-4B8014968FF2}.Release|Any CPU.Build.0 = Release|Any CPU
		{8A23B468-11CD-4F52-8764-C5403950E871}.Debug|Any CPU.ActiveCfg = Debug|Any CPU
		{8A23B468-11CD-4F52-8764-C5403950E871}.Debug|Any CPU.Build.0 = Debug|Any CPU
		{8A23B468-11CD-4F52-8764-C5403950E871}.Release|Any CPU.ActiveCfg = Release|Any CPU
		{8A23B468-11CD-4F52-8764-C5403950E871}.Release|Any CPU.Build.0 = Release|Any CPU
	EndGlobalSection
	GlobalSection(SolutionProperties) = preSolution
		HideSolutionNode = FALSE
	EndGlobalSection
	GlobalSection(ExtensibilityGlobals) = postSolution
		SolutionGuid = {40DD1C97-1F85-4174-A2F8-D7DAF8A96C62}
	EndGlobalSection
EndGlobal
